// !$*UTF8*$!
{
	archiveVersion = 1;
	classes = {
	};
	objectVersion = 46;
	objects = {

/* Begin PBXBuildFile section */
		EF84BB6A1E2175CC004DEDA7 /* AppDelegate.swift in Sources */ = {isa = PBXBuildFile; fileRef = EF84BB691E2175CC004DEDA7 /* AppDelegate.swift */; };
		EF84BB6C1E2175CC004DEDA7 /* ViewController.swift in Sources */ = {isa = PBXBuildFile; fileRef = EF84BB6B1E2175CC004DEDA7 /* ViewController.swift */; };
		EF84BB6F1E2175CC004DEDA7 /* Main.storyboard in Resources */ = {isa = PBXBuildFile; fileRef = EF84BB6D1E2175CC004DEDA7 /* Main.storyboard */; };
		EF84BB711E2175CC004DEDA7 /* Assets.xcassets in Resources */ = {isa = PBXBuildFile; fileRef = EF84BB701E2175CC004DEDA7 /* Assets.xcassets */; };
		EF84BB741E2175CC004DEDA7 /* LaunchScreen.storyboard in Resources */ = {isa = PBXBuildFile; fileRef = EF84BB721E2175CC004DEDA7 /* LaunchScreen.storyboard */; };
/* End PBXBuildFile section */

/* Begin PBXFileReference section */
		EF84BB661E2175CC004DEDA7 /* Class13 test.app */ = {isa = PBXFileReference; explicitFileType = wrapper.application; includeInIndex = 0; path = "Class13 test.app"; sourceTree = BUILT_PRODUCTS_DIR; };
		EF84BB691E2175CC004DEDA7 /* AppDelegate.swift */ = {isa = PBXFileReference; lastKnownFileType = sourcecode.swift; path = AppDelegate.swift; sourceTree = "<group>"; };
		EF84BB6B1E2175CC004DEDA7 /* ViewController.swift */ = {isa = PBXFileReference; lastKnownFileType = sourcecode.swift; path = ViewController.swift; sourceTree = "<group>"; };
		EF84BB6E1E2175CC004DEDA7 /* Base */ = {isa = PBXFileReference; lastKnownFileType = file.storyboard; name = Base; path = Base.lproj/Main.storyboard; sourceTree = "<group>"; };
		EF84BB701E2175CC004DEDA7 /* Assets.xcassets */ = {isa = PBXFileReference; lastKnownFileType = folder.assetcatalog; path = Assets.xcassets; sourceTree = "<group>"; };
		EF84BB731E2175CC004DEDA7 /* Base */ = {isa = PBXFileReference; lastKnownFileType = file.storyboard; name = Base; path = Base.lproj/LaunchScreen.storyboard; sourceTree = "<group>"; };
		EF84BB751E2175CC004DEDA7 /* Info.plist */ = {isa = PBXFileReference; lastKnownFileType = text.plist.xml; path = Info.plist; sourceTree = "<group>"; };
/* End PBXFileReference section */

/* Begin PBXFrameworksBuildPhase section */
		EF84BB631E2175CC004DEDA7 /* Frameworks */ = {
			isa = PBXFrameworksBuildPhase;
			buildActionMask = 2147483647;
			files = (
			);
			runOnlyForDeploymentPostprocessing = 0;
		};
/* End PBXFrameworksBuildPhase section */

/* Begin PBXGroup section */
		EF84BB5D1E2175CC004DEDA7 = {
			isa = PBXGroup;
			children = (
				EF84BB681E2175CC004DEDA7 /* Class13 test */,
				EF84BB671E2175CC004DEDA7 /* Products */,
			);
			sourceTree = "<group>";
		};
		EF84BB671E2175CC004DEDA7 /* Products */ = {
			isa = PBXGroup;
			children = (
				EF84BB661E2175CC004DEDA7 /* Class13 test.app */,
			);
			name = Products;
			sourceTree = "<group>";
		};
		EF84BB681E2175CC004DEDA7 /* Class13 test */ = {
			isa = PBXGroup;
			children = (
				EF84BB691E2175CC004DEDA7 /* AppDelegate.swift */,
				EF84BB6B1E2175CC004DEDA7 /* ViewController.swift */,
				EF84BB6D1E2175CC004DEDA7 /* Main.storyboard */,
				EF84BB701E2175CC004DEDA7 /* Assets.xcassets */,
				EF84BB721E2175CC004DEDA7 /* LaunchScreen.storyboard */,
				EF84BB751E2175CC004DEDA7 /* Info.plist */,
			);
			path = "Class13 test";
			sourceTree = "<group>";
		};
/* End PBXGroup section */

/* Begin PBXNativeTarget section */
		EF84BB651E2175CC004DEDA7 /* Class13 test */ = {
			isa = PBXNativeTarget;
			buildConfigurationList = EF84BB781E2175CC004DEDA7 /* Build configuration list for PBXNativeTarget "Class13 test" */;
			buildPhases = (
				EF84BB621E2175CC004DEDA7 /* Sources */,
				EF84BB631E2175CC004DEDA7 /* Frameworks */,
				EF84BB641E2175CC004DEDA7 /* Resources */,
			);
			buildRules = (
			);
			dependencies = (
			);
			name = "Class13 test";
			productName = "Class13 test";
			productReference = EF84BB661E2175CC004DEDA7 /* Class13 test.app */;
			productType = "com.apple.product-type.application";
		};
/* End PBXNativeTarget section */

/* Begin PBXProject section */
		EF84BB5E1E2175CC004DEDA7 /* Project object */ = {
			isa = PBXProject;
			attributes = {
				LastSwiftUpdateCheck = 0820;
				LastUpgradeCheck = 0820;
				ORGANIZATIONNAME = "Gilles Prescott";
				TargetAttributes = {
					EF84BB651E2175CC004DEDA7 = {
						CreatedOnToolsVersion = 8.2.1;
						ProvisioningStyle = Automatic;
					};
				};
			};
			buildConfigurationList = EF84BB611E2175CC004DEDA7 /* Build configuration list for PBXProject "Class13 test" */;
			compatibilityVersion = "Xcode 3.2";
			developmentRegion = English;
			hasScannedForEncodings = 0;
			knownRegions = (
				en,
				Base,
			);
			mainGroup = EF84BB5D1E2175CC004DEDA7;
			productRefGroup = EF84BB671E2175CC004DEDA7 /* Products */;
			projectDirPath = "";
			projectRoot = "";
			targets = (
				EF84BB651E2175CC004DEDA7 /* Class13 test */,
			);
		};
/* End PBXProject section */

/* Begin PBXResourcesBuildPhase section */
		EF84BB641E2175CC004DEDA7 /* Resources */ = {
			isa = PBXResourcesBuildPhase;
			buildActionMask = 2147483647;
			files = (
				EF84BB741E2175CC004DEDA7 /* LaunchScreen.storyboard in Resources */,
				EF84BB711E2175CC004DEDA7 /* Assets.xcassets in Resources */,
				EF84BB6F1E2175CC004DEDA7 /* Main.storyboard in Resources */,
			);
			runOnlyForDeploymentPostprocessing = 0;
		};
/* End PBXResourcesBuildPhase section */

/* Begin PBXSourcesBuildPhase section */
		EF84BB621E2175CC004DEDA7 /* Sources */ = {
			isa = PBXSourcesBuildPhase;
			buildActionMask = 2147483647;
			files = (
				EF84BB6C1E2175CC004DEDA7 /* ViewController.swift in Sources */,
				EF84BB6A1E2175CC004DEDA7 /* AppDelegate.swift in Sources */,
			);
			runOnlyForDeploymentPostprocessing = 0;
		};
/* End PBXSourcesBuildPhase section */

/* Begin PBXVariantGroup section */
		EF84BB6D1E2175CC004DEDA7 /* Main.storyboard */ = {
			isa = PBXVariantGroup;
			children = (
				EF84BB6E1E2175CC004DEDA7 /* Base */,
			);
			name = Main.storyboard;
			sourceTree = "<group>";
		};
		EF84BB721E2175CC004DEDA7 /* LaunchScreen.storyboard */ = {
			isa = PBXVariantGroup;
			children = (
				EF84BB731E2175CC004DEDA7 /* Base */,
			);
			name = LaunchScreen.storyboard;
			sourceTree = "<group>";
		};
/* End PBXVariantGroup section */

/* Begin XCBuildConfiguration section */
		EF84BB761E2175CC004DEDA7 /* Debug */ = {
			isa = XCBuildConfiguration;
			buildSettings = {
				ALWAYS_SEARCH_USER_PATHS = NO;
				CLANG_ANALYZER_NONNULL = YES;
				CLANG_CXX_LANGUAGE_STANDARD = "gnu++0x";
				CLANG_CXX_LIBRARY = "libc++";
				CLANG_ENABLE_MODULES = YES;
				CLANG_ENABLE_OBJC_ARC = YES;
				CLANG_WARN_BOOL_CONVERSION = YES;
				CLANG_WARN_CONSTANT_CONVERSION = YES;
				CLANG_WARN_DIRECT_OBJC_ISA_USAGE = YES_ERROR;
				CLANG_WARN_DOCUMENTATION_COMMENTS = YES;
				CLANG_WARN_EMPTY_BODY = YES;
				CLANG_WARN_ENUM_CONVERSION = YES;
				CLANG_WARN_INFINITE_RECURSION = YES;
				CLANG_WARN_INT_CONVERSION = YES;
				CLANG_WARN_OBJC_ROOT_CLASS = YES_ERROR;
				CLANG_WARN_SUSPICIOUS_MOVE = YES;
				CLANG_WARN_UNREACHABLE_CODE = YES;
				CLANG_WARN__DUPLICATE_METHOD_MATCH = YES;
				"CODE_SIGN_IDENTITY[sdk=iphoneos*]" = "iPhone Developer";
				COPY_PHASE_STRIP = NO;
				DEBUG_INFORMATION_FORMAT = dwarf;
				ENABLE_STRICT_OBJC_MSGSEND = YES;
				ENABLE_TESTABILITY = YES;
				GCC_C_LANGUAGE_STANDARD = gnu99;
				GCC_DYNAMIC_NO_PIC = NO;
				GCC_NO_COMMON_BLOCKS = YES;
				GCC_OPTIMIZATION_LEVEL = 0;
				GCC_PREPROCESSOR_DEFINITIONS = (
					"DEBUG=1",
					"$(inherited)",
				);
				GCC_WARN_64_TO_32_BIT_CONVERSION = YES;
				GCC_WARN_ABOUT_RETURN_TYPE = YES_ERROR;
				GCC_WARN_UNDECLARED_SELECTOR = YES;
				GCC_WARN_UNINITIALIZED_AUTOS = YES_AGGRESSIVE;
				GCC_WARN_UNUSED_FUNCTION = YES;
				GCC_WARN_UNUSED_VARIABLE = YES;
				IPHONEOS_DEPLOYMENT_TARGET = 10.2;
				MTL_ENABLE_DEBUG_INFO = YES;
				ONLY_ACTIVE_ARCH = YES;
				SDKROOT = iphoneos;
				SWIFT_ACTIVE_COMPILATION_CONDITIONS = DEBUG;
				SWIFT_OPTIMIZATION_LEVEL = "-Onone";
				TARGETED_DEVICE_FAMILY = "1,2";
			};
			name = Debug;
		};
		EF84BB771E2175CC004DEDA7 /* Release */ = {
			isa = XCBuildConfiguration;
			buildSettings = {
				ALWAYS_SEARCH_USER_PATHS = NO;
				CLANG_ANALYZER_NONNULL = YES;
				CLANG_CXX_LANGUAGE_STANDARD = "gnu++0x";
				CLANG_CXX_LIBRARY = "libc++";
				CLANG_ENABLE_MODULES = YES;
				CLANG_ENABLE_OBJC_ARC = YES;
				CLANG_WARN_BOOL_CONVERSION = YES;
				CLANG_WARN_CONSTANT_CONVERSION = YES;
				CLANG_WARN_DIRECT_OBJC_ISA_USAGE = YES_ERROR;
				CLANG_WARN_DOCUMENTATION_COMMENTS = YES;
				CLANG_WARN_EMPTY_BODY = YES;
				CLANG_WARN_ENUM_CONVERSION = YES;
				CLANG_WARN_INFINITE_RECURSION = YES;
				CLANG_WARN_INT_CONVERSION = YES;
				CLANG_WARN_OBJC_ROOT_CLASS = YES_ERROR;
				CLANG_WARN_SUSPICIOUS_MOVE = YES;
				CLANG_WARN_UNREACHABLE_CODE = YES;
				CLANG_WARN__DUPLICATE_METHOD_MATCH = YES;
				"CODE_SIGN_IDENTITY[sdk=iphoneos*]" = "iPhone Developer";
				COPY_PHASE_STRIP = NO;
				DEBUG_INFORMATION_FORMAT = "dwarf-with-dsym";
				ENABLE_NS_ASSERTIONS = NO;
				ENABLE_STRICT_OBJC_MSGSEND = YES;
				GCC_C_LANGUAGE_STANDARD = gnu99;
				GCC_NO_COMMON_BLOCKS = YES;
				GCC_WARN_64_TO_32_BIT_CONVERSION = YES;
				GCC_WARN_ABOUT_RETURN_TYPE = YES_ERROR;
				GCC_WARN_UNDECLARED_SELECTOR = YES;
				GCC_WARN_UNINITIALIZED_AUTOS = YES_AGGRESSIVE;
				GCC_WARN_UNUSED_FUNCTION = YES;
				GCC_WARN_UNUSED_VARIABLE = YES;
				IPHONEOS_DEPLOYMENT_TARGET = 10.2;
				MTL_ENABLE_DEBUG_INFO = NO;
				SDKROOT = iphoneos;
				SWIFT_OPTIMIZATION_LEVEL = "-Owholemodule";
				TARGETED_DEVICE_FAMILY = "1,2";
				VALIDATE_PRODUCT = YES;
			};
			name = Release;
		};
		EF84BB791E2175CC004DEDA7 /* Debug */ = {
			isa = XCBuildConfiguration;
			buildSettings = {
				ASSETCATALOG_COMPILER_APPICON_NAME = AppIcon;
				INFOPLIST_FILE = "Class13 test/Info.plist";
				LD_RUNPATH_SEARCH_PATHS = "$(inherited) @executable_path/Frameworks";
				PRODUCT_BUNDLE_IDENTIFIER = "n-a.Class13-test";
				PRODUCT_NAME = "$(TARGET_NAME)";
				SWIFT_VERSION = 3.0;
			};
			name = Debug;
		};
		EF84BB7A1E2175CC004DEDA7 /* Release */ = {
			isa = XCBuildConfiguration;
			buildSettings = {
				ASSETCATALOG_COMPILER_APPICON_NAME = AppIcon;
				INFOPLIST_FILE = "Class13 test/Info.plist";
				LD_RUNPATH_SEARCH_PATHS = "$(inherited) @executable_path/Frameworks";
				PRODUCT_BUNDLE_IDENTIFIER = "n-a.Class13-test";
				PRODUCT_NAME = "$(TARGET_NAME)";
				SWIFT_VERSION = 3.0;
			};
			name = Release;
		};
/* End XCBuildConfiguration section */

/* Begin XCConfigurationList section */
		EF84BB611E2175CC004DEDA7 /* Build configuration list for PBXProject "Class13 test" */ = {
			isa = XCConfigurationList;
			buildConfigurations = (
				EF84BB761E2175CC004DEDA7 /* Debug */,
				EF84BB771E2175CC004DEDA7 /* Release */,
			);
			defaultConfigurationIsVisible = 0;
			defaultConfigurationName = Release;
		};
		EF84BB781E2175CC004DEDA7 /* Build configuration list for PBXNativeTarget "Class13 test" */ = {
			isa = XCConfigurationList;
			buildConfigurations = (
				EF84BB791E2175CC004DEDA7 /* Debug */,
				EF84BB7A1E2175CC004DEDA7 /* Release */,
			);
			defaultConfigurationIsVisible = 0;
		};
/* End XCConfigurationList section */
	};
	rootObject = EF84BB5E1E2175CC004DEDA7 /* Project object */;
}
