// !$*UTF8*$!
{
	archiveVersion = 1;
	classes = {
	};
	objectVersion = 46;
	objects = {

/* Begin PBXBuildFile section */
		EFE520931E22C5DC0073315B /* AppDelegate.swift in Sources */ = {isa = PBXBuildFile; fileRef = EFE520921E22C5DC0073315B /* AppDelegate.swift */; };
		EFE520951E22C5DC0073315B /* ViewController.swift in Sources */ = {isa = PBXBuildFile; fileRef = EFE520941E22C5DC0073315B /* ViewController.swift */; };
		EFE520981E22C5DC0073315B /* Main.storyboard in Resources */ = {isa = PBXBuildFile; fileRef = EFE520961E22C5DC0073315B /* Main.storyboard */; };
		EFE5209A1E22C5DC0073315B /* Assets.xcassets in Resources */ = {isa = PBXBuildFile; fileRef = EFE520991E22C5DC0073315B /* Assets.xcassets */; };
		EFE5209D1E22C5DC0073315B /* LaunchScreen.storyboard in Resources */ = {isa = PBXBuildFile; fileRef = EFE5209B1E22C5DC0073315B /* LaunchScreen.storyboard */; };
/* End PBXBuildFile section */

/* Begin PBXFileReference section */
		EFE5208F1E22C5DC0073315B /* Emoji class.app */ = {isa = PBXFileReference; explicitFileType = wrapper.application; includeInIndex = 0; path = "Emoji class.app"; sourceTree = BUILT_PRODUCTS_DIR; };
		EFE520921E22C5DC0073315B /* AppDelegate.swift */ = {isa = PBXFileReference; lastKnownFileType = sourcecode.swift; path = AppDelegate.swift; sourceTree = "<group>"; };
		EFE520941E22C5DC0073315B /* ViewController.swift */ = {isa = PBXFileReference; lastKnownFileType = sourcecode.swift; path = ViewController.swift; sourceTree = "<group>"; };
		EFE520971E22C5DC0073315B /* Base */ = {isa = PBXFileReference; lastKnownFileType = file.storyboard; name = Base; path = Base.lproj/Main.storyboard; sourceTree = "<group>"; };
		EFE520991E22C5DC0073315B /* Assets.xcassets */ = {isa = PBXFileReference; lastKnownFileType = folder.assetcatalog; path = Assets.xcassets; sourceTree = "<group>"; };
		EFE5209C1E22C5DC0073315B /* Base */ = {isa = PBXFileReference; lastKnownFileType = file.storyboard; name = Base; path = Base.lproj/LaunchScreen.storyboard; sourceTree = "<group>"; };
		EFE5209E1E22C5DC0073315B /* Info.plist */ = {isa = PBXFileReference; lastKnownFileType = text.plist.xml; path = Info.plist; sourceTree = "<group>"; };
/* End PBXFileReference section */

/* Begin PBXFrameworksBuildPhase section */
		EFE5208C1E22C5DC0073315B /* Frameworks */ = {
			isa = PBXFrameworksBuildPhase;
			buildActionMask = 2147483647;
			files = (
			);
			runOnlyForDeploymentPostprocessing = 0;
		};
/* End PBXFrameworksBuildPhase section */

/* Begin PBXGroup section */
		EFE520861E22C5DC0073315B = {
			isa = PBXGroup;
			children = (
				EFE520911E22C5DC0073315B /* Emoji class */,
				EFE520901E22C5DC0073315B /* Products */,
			);
			sourceTree = "<group>";
		};
		EFE520901E22C5DC0073315B /* Products */ = {
			isa = PBXGroup;
			children = (
				EFE5208F1E22C5DC0073315B /* Emoji class.app */,
			);
			name = Products;
			sourceTree = "<group>";
		};
		EFE520911E22C5DC0073315B /* Emoji class */ = {
			isa = PBXGroup;
			children = (
				EFE520921E22C5DC0073315B /* AppDelegate.swift */,
				EFE520941E22C5DC0073315B /* ViewController.swift */,
				EFE520961E22C5DC0073315B /* Main.storyboard */,
				EFE520991E22C5DC0073315B /* Assets.xcassets */,
				EFE5209B1E22C5DC0073315B /* LaunchScreen.storyboard */,
				EFE5209E1E22C5DC0073315B /* Info.plist */,
			);
			path = "Emoji class";
			sourceTree = "<group>";
		};
/* End PBXGroup section */

/* Begin PBXNativeTarget section */
		EFE5208E1E22C5DC0073315B /* Emoji class */ = {
			isa = PBXNativeTarget;
			buildConfigurationList = EFE520A11E22C5DC0073315B /* Build configuration list for PBXNativeTarget "Emoji class" */;
			buildPhases = (
				EFE5208B1E22C5DC0073315B /* Sources */,
				EFE5208C1E22C5DC0073315B /* Frameworks */,
				EFE5208D1E22C5DC0073315B /* Resources */,
			);
			buildRules = (
			);
			dependencies = (
			);
			name = "Emoji class";
			productName = "Emoji class";
			productReference = EFE5208F1E22C5DC0073315B /* Emoji class.app */;
			productType = "com.apple.product-type.application";
		};
/* End PBXNativeTarget section */

/* Begin PBXProject section */
		EFE520871E22C5DC0073315B /* Project object */ = {
			isa = PBXProject;
			attributes = {
				LastSwiftUpdateCheck = 0820;
				LastUpgradeCheck = 0820;
				ORGANIZATIONNAME = "Gilles Prescott";
				TargetAttributes = {
					EFE5208E1E22C5DC0073315B = {
						CreatedOnToolsVersion = 8.2.1;
						ProvisioningStyle = Automatic;
					};
				};
			};
			buildConfigurationList = EFE5208A1E22C5DC0073315B /* Build configuration list for PBXProject "Emoji class" */;
			compatibilityVersion = "Xcode 3.2";
			developmentRegion = English;
			hasScannedForEncodings = 0;
			knownRegions = (
				en,
				Base,
			);
			mainGroup = EFE520861E22C5DC0073315B;
			productRefGroup = EFE520901E22C5DC0073315B /* Products */;
			projectDirPath = "";
			projectRoot = "";
			targets = (
				EFE5208E1E22C5DC0073315B /* Emoji class */,
			);
		};
/* End PBXProject section */

/* Begin PBXResourcesBuildPhase section */
		EFE5208D1E22C5DC0073315B /* Resources */ = {
			isa = PBXResourcesBuildPhase;
			buildActionMask = 2147483647;
			files = (
				EFE5209D1E22C5DC0073315B /* LaunchScreen.storyboard in Resources */,
				EFE5209A1E22C5DC0073315B /* Assets.xcassets in Resources */,
				EFE520981E22C5DC0073315B /* Main.storyboard in Resources */,
			);
			runOnlyForDeploymentPostprocessing = 0;
		};
/* End PBXResourcesBuildPhase section */

/* Begin PBXSourcesBuildPhase section */
		EFE5208B1E22C5DC0073315B /* Sources */ = {
			isa = PBXSourcesBuildPhase;
			buildActionMask = 2147483647;
			files = (
				EFE520951E22C5DC0073315B /* ViewController.swift in Sources */,
				EFE520931E22C5DC0073315B /* AppDelegate.swift in Sources */,
			);
			runOnlyForDeploymentPostprocessing = 0;
		};
/* End PBXSourcesBuildPhase section */

/* Begin PBXVariantGroup section */
		EFE520961E22C5DC0073315B /* Main.storyboard */ = {
			isa = PBXVariantGroup;
			children = (
				EFE520971E22C5DC0073315B /* Base */,
			);
			name = Main.storyboard;
			sourceTree = "<group>";
		};
		EFE5209B1E22C5DC0073315B /* LaunchScreen.storyboard */ = {
			isa = PBXVariantGroup;
			children = (
				EFE5209C1E22C5DC0073315B /* Base */,
			);
			name = LaunchScreen.storyboard;
			sourceTree = "<group>";
		};
/* End PBXVariantGroup section */

/* Begin XCBuildConfiguration section */
		EFE5209F1E22C5DC0073315B /* Debug */ = {
			isa = XCBuildConfiguration;
			buildSettings = {
				ALWAYS_SEARCH_USER_PATHS = NO;
				CLANG_ANALYZER_NONNULL = YES;
				CLANG_CXX_LANGUAGE_STANDARD = "gnu++0x";
				CLANG_CXX_LIBRARY = "libc++";
				CLANG_ENABLE_MODULES = YES;
				CLANG_ENABLE_OBJC_ARC = YES;
				CLANG_WARN_BOOL_CONVERSION = YES;
				CLANG_WARN_CONSTANT_CONVERSION = YES;
				CLANG_WARN_DIRECT_OBJC_ISA_USAGE = YES_ERROR;
				CLANG_WARN_DOCUMENTATION_COMMENTS = YES;
				CLANG_WARN_EMPTY_BODY = YES;
				CLANG_WARN_ENUM_CONVERSION = YES;
				CLANG_WARN_INFINITE_RECURSION = YES;
				CLANG_WARN_INT_CONVERSION = YES;
				CLANG_WARN_OBJC_ROOT_CLASS = YES_ERROR;
				CLANG_WARN_SUSPICIOUS_MOVE = YES;
				CLANG_WARN_UNREACHABLE_CODE = YES;
				CLANG_WARN__DUPLICATE_METHOD_MATCH = YES;
				"CODE_SIGN_IDENTITY[sdk=iphoneos*]" = "iPhone Developer";
				COPY_PHASE_STRIP = NO;
				DEBUG_INFORMATION_FORMAT = dwarf;
				ENABLE_STRICT_OBJC_MSGSEND = YES;
				ENABLE_TESTABILITY = YES;
				GCC_C_LANGUAGE_STANDARD = gnu99;
				GCC_DYNAMIC_NO_PIC = NO;
				GCC_NO_COMMON_BLOCKS = YES;
				GCC_OPTIMIZATION_LEVEL = 0;
				GCC_PREPROCESSOR_DEFINITIONS = (
					"DEBUG=1",
					"$(inherited)",
				);
				GCC_WARN_64_TO_32_BIT_CONVERSION = YES;
				GCC_WARN_ABOUT_RETURN_TYPE = YES_ERROR;
				GCC_WARN_UNDECLARED_SELECTOR = YES;
				GCC_WARN_UNINITIALIZED_AUTOS = YES_AGGRESSIVE;
				GCC_WARN_UNUSED_FUNCTION = YES;
				GCC_WARN_UNUSED_VARIABLE = YES;
				IPHONEOS_DEPLOYMENT_TARGET = 10.2;
				MTL_ENABLE_DEBUG_INFO = YES;
				ONLY_ACTIVE_ARCH = YES;
				SDKROOT = iphoneos;
				SWIFT_ACTIVE_COMPILATION_CONDITIONS = DEBUG;
				SWIFT_OPTIMIZATION_LEVEL = "-Onone";
				TARGETED_DEVICE_FAMILY = "1,2";
			};
			name = Debug;
		};
		EFE520A01E22C5DC0073315B /* Release */ = {
			isa = XCBuildConfiguration;
			buildSettings = {
				ALWAYS_SEARCH_USER_PATHS = NO;
				CLANG_ANALYZER_NONNULL = YES;
				CLANG_CXX_LANGUAGE_STANDARD = "gnu++0x";
				CLANG_CXX_LIBRARY = "libc++";
				CLANG_ENABLE_MODULES = YES;
				CLANG_ENABLE_OBJC_ARC = YES;
				CLANG_WARN_BOOL_CONVERSION = YES;
				CLANG_WARN_CONSTANT_CONVERSION = YES;
				CLANG_WARN_DIRECT_OBJC_ISA_USAGE = YES_ERROR;
				CLANG_WARN_DOCUMENTATION_COMMENTS = YES;
				CLANG_WARN_EMPTY_BODY = YES;
				CLANG_WARN_ENUM_CONVERSION = YES;
				CLANG_WARN_INFINITE_RECURSION = YES;
				CLANG_WARN_INT_CONVERSION = YES;
				CLANG_WARN_OBJC_ROOT_CLASS = YES_ERROR;
				CLANG_WARN_SUSPICIOUS_MOVE = YES;
				CLANG_WARN_UNREACHABLE_CODE = YES;
				CLANG_WARN__DUPLICATE_METHOD_MATCH = YES;
				"CODE_SIGN_IDENTITY[sdk=iphoneos*]" = "iPhone Developer";
				COPY_PHASE_STRIP = NO;
				DEBUG_INFORMATION_FORMAT = "dwarf-with-dsym";
				ENABLE_NS_ASSERTIONS = NO;
				ENABLE_STRICT_OBJC_MSGSEND = YES;
				GCC_C_LANGUAGE_STANDARD = gnu99;
				GCC_NO_COMMON_BLOCKS = YES;
				GCC_WARN_64_TO_32_BIT_CONVERSION = YES;
				GCC_WARN_ABOUT_RETURN_TYPE = YES_ERROR;
				GCC_WARN_UNDECLARED_SELECTOR = YES;
				GCC_WARN_UNINITIALIZED_AUTOS = YES_AGGRESSIVE;
				GCC_WARN_UNUSED_FUNCTION = YES;
				GCC_WARN_UNUSED_VARIABLE = YES;
				IPHONEOS_DEPLOYMENT_TARGET = 10.2;
				MTL_ENABLE_DEBUG_INFO = NO;
				SDKROOT = iphoneos;
				SWIFT_OPTIMIZATION_LEVEL = "-Owholemodule";
				TARGETED_DEVICE_FAMILY = "1,2";
				VALIDATE_PRODUCT = YES;
			};
			name = Release;
		};
		EFE520A21E22C5DC0073315B /* Debug */ = {
			isa = XCBuildConfiguration;
			buildSettings = {
				ASSETCATALOG_COMPILER_APPICON_NAME = AppIcon;
				INFOPLIST_FILE = "Emoji class/Info.plist";
				LD_RUNPATH_SEARCH_PATHS = "$(inherited) @executable_path/Frameworks";
				PRODUCT_BUNDLE_IDENTIFIER = "n-a.Emoji-class";
				PRODUCT_NAME = "$(TARGET_NAME)";
				SWIFT_VERSION = 3.0;
			};
			name = Debug;
		};
		EFE520A31E22C5DC0073315B /* Release */ = {
			isa = XCBuildConfiguration;
			buildSettings = {
				ASSETCATALOG_COMPILER_APPICON_NAME = AppIcon;
				INFOPLIST_FILE = "Emoji class/Info.plist";
				LD_RUNPATH_SEARCH_PATHS = "$(inherited) @executable_path/Frameworks";
				PRODUCT_BUNDLE_IDENTIFIER = "n-a.Emoji-class";
				PRODUCT_NAME = "$(TARGET_NAME)";
				SWIFT_VERSION = 3.0;
			};
			name = Release;
		};
/* End XCBuildConfiguration section */

/* Begin XCConfigurationList section */
		EFE5208A1E22C5DC0073315B /* Build configuration list for PBXProject "Emoji class" */ = {
			isa = XCConfigurationList;
			buildConfigurations = (
				EFE5209F1E22C5DC0073315B /* Debug */,
				EFE520A01E22C5DC0073315B /* Release */,
			);
			defaultConfigurationIsVisible = 0;
			defaultConfigurationName = Release;
		};
		EFE520A11E22C5DC0073315B /* Build configuration list for PBXNativeTarget "Emoji class" */ = {
			isa = XCConfigurationList;
			buildConfigurations = (
				EFE520A21E22C5DC0073315B /* Debug */,
				EFE520A31E22C5DC0073315B /* Release */,
			);
			defaultConfigurationIsVisible = 0;
		};
/* End XCConfigurationList section */
	};
	rootObject = EFE520871E22C5DC0073315B /* Project object */;
}
